
Microsoft Visual Studio Solution File, Format Version 12.00
# Visual Studio Version 17
VisualStudioVersion = 17.10.35122.118
MinimumVisualStudioVersion = 10.0.40219.1
Project("{2150E333-8FDC-42A3-9474-1A3956D46DE8}") = "Faces", "Faces", "{33BEF735-B388-4610-9FC1-03BBBEE721CE}"
EndProject
Project("{9A19103F-16F7-4668-BE54-9A1E7A4F7556}") = "Faces.API", "Faces.API\Faces.API.csproj", "{9F390C39-6449-4E0E-9C6D-FAF77E191977}"
EndProject
Project("{9A19103F-16F7-4668-BE54-9A1E7A4F7556}") = "Faces.API.Test", "Faces.API.Test\Faces.API.Test.csproj", "{F23BE1D8-6969-4ADA-98AA-2AE0A8C4DCCF}"
EndProject
Project("{2150E333-8FDC-42A3-9474-1A3956D46DE8}") = "Faces.SharedLib", "Faces.SharedLib", "{810DC9B5-9484-43BF-8435-D8582E79CA71}"
EndProject
Project("{9A19103F-16F7-4668-BE54-9A1E7A4F7556}") = "Messaging.Core", "Messaging.InterfacesConstants\Messaging.Core.csproj", "{75BB813C-8BF3-4931-9EF7-D2E3929F1098}"
EndProject
Project("{2150E333-8FDC-42A3-9474-1A3956D46DE8}") = "Faces.Web", "Faces.Web", "{4918CB2F-41B1-4092-B242-55EB1D782122}"
EndProject
Project("{9A19103F-16F7-4668-BE54-9A1E7A4F7556}") = "Faces.WebMvc", "Faces.WebMvc\Faces.WebMvc.csproj", "{B42D2FCB-6D57-4A6C-88B5-F0199B51384B}"
EndProject
Project("{2150E333-8FDC-42A3-9474-1A3956D46DE8}") = "Ordering", "Ordering", "{1215227E-283F-4E48-B8E7-D438C3E4256D}"
EndProject
Project("{9A19103F-16F7-4668-BE54-9A1E7A4F7556}") = "Orders.API", "Orders.API\Orders.API.csproj", "{2282A6F8-CFDA-413C-AF6F-94476E247038}"
EndProject
Project("{9A19103F-16F7-4668-BE54-9A1E7A4F7556}") = "Faces.Core", "Faces.Core\Faces.Core.csproj", "{0DE5A91F-D219-4AAC-8C86-4C7F8E802326}"
EndProject
Project("{9A19103F-16F7-4668-BE54-9A1E7A4F7556}") = "Faces.WebMvc.Core", "Faces.WebMvc.Core\Faces.WebMvc.Core.csproj", "{8C3E5056-4CBF-4740-A613-9DDD814184F3}"
EndProject
Project("{9A19103F-16F7-4668-BE54-9A1E7A4F7556}") = "Messaging.Bus", "Messaging.EventBus\Messaging.Bus.csproj", "{64CBF377-D9AB-460C-9EAE-89136E2D18B5}"
EndProject
Project("{9A19103F-16F7-4668-BE54-9A1E7A4F7556}") = "Orders.Core", "Orders.Core\Orders.Core.csproj", "{1F7F6C44-C328-4B56-8737-46056807DFE8}"
EndProject
Project("{2150E333-8FDC-42A3-9474-1A3956D46DE8}") = "Notifications", "Notifications", "{AF51866A-069C-4B25-91A1-C59AEF65AB93}"
EndProject
Project("{2150E333-8FDC-42A3-9474-1A3956D46DE8}") = "Customer", "Customer", "{A5F4BBD5-9C3B-45AB-B27B-457188B6A094}"
EndProject
Project("{9A19103F-16F7-4668-BE54-9A1E7A4F7556}") = "Notification.Customer.EmailService", "Notifications.Customer.Email\Notification.Customer.EmailService.csproj", "{E19AD452-4A97-4AC1-881E-3A22429C779B}"
EndProject
Project("{9A19103F-16F7-4668-BE54-9A1E7A4F7556}") = "Notification.Customer.NotificationService", "Customer.NotificationService\Notification.Customer.NotificationService.csproj", "{D4BF97B6-39DB-4CAC-8BAA-E06A58B9234D}"
EndProject
Project("{9A19103F-16F7-4668-BE54-9A1E7A4F7556}") = "Notification.Customer.NotificationService.Core", "Notification.Customer.NotificationService.Core\Notification.Customer.NotificationService.Core.csproj", "{CD89ED88-CBFE-464D-9CEB-5CE79E5A7E90}"
EndProject
Project("{E53339B2-1760-4266-BCC7-CA923CBCF16C}") = "docker-compose", "docker-compose.dcproj", "{31FD127C-D1BA-4AF5-A561-FDF059271B2E}"
EndProject
Global
	GlobalSection(SolutionConfigurationPlatforms) = preSolution
		Debug|Any CPU = Debug|Any CPU
		Release|Any CPU = Release|Any CPU
	EndGlobalSection
	GlobalSection(ProjectConfigurationPlatforms) = postSolution
		{9F390C39-6449-4E0E-9C6D-FAF77E191977}.Debug|Any CPU.ActiveCfg = Debug|Any CPU
		{9F390C39-6449-4E0E-9C6D-FAF77E191977}.Debug|Any CPU.Build.0 = Debug|Any CPU
		{9F390C39-6449-4E0E-9C6D-FAF77E191977}.Release|Any CPU.ActiveCfg = Release|Any CPU
		{9F390C39-6449-4E0E-9C6D-FAF77E191977}.Release|Any CPU.Build.0 = Release|Any CPU
		{F23BE1D8-6969-4ADA-98AA-2AE0A8C4DCCF}.Debug|Any CPU.ActiveCfg = Debug|Any CPU
		{F23BE1D8-6969-4ADA-98AA-2AE0A8C4DCCF}.Debug|Any CPU.Build.0 = Debug|Any CPU
		{F23BE1D8-6969-4ADA-98AA-2AE0A8C4DCCF}.Release|Any CPU.ActiveCfg = Release|Any CPU
		{F23BE1D8-6969-4ADA-98AA-2AE0A8C4DCCF}.Release|Any CPU.Build.0 = Release|Any CPU
		{75BB813C-8BF3-4931-9EF7-D2E3929F1098}.Debug|Any CPU.ActiveCfg = Debug|Any CPU
		{75BB813C-8BF3-4931-9EF7-D2E3929F1098}.Debug|Any CPU.Build.0 = Debug|Any CPU
		{75BB813C-8BF3-4931-9EF7-D2E3929F1098}.Release|Any CPU.ActiveCfg = Release|Any CPU
		{75BB813C-8BF3-4931-9EF7-D2E3929F1098}.Release|Any CPU.Build.0 = Release|Any CPU
		{B42D2FCB-6D57-4A6C-88B5-F0199B51384B}.Debug|Any CPU.ActiveCfg = Debug|Any CPU
		{B42D2FCB-6D57-4A6C-88B5-F0199B51384B}.Debug|Any CPU.Build.0 = Debug|Any CPU
		{B42D2FCB-6D57-4A6C-88B5-F0199B51384B}.Release|Any CPU.ActiveCfg = Release|Any CPU
		{B42D2FCB-6D57-4A6C-88B5-F0199B51384B}.Release|Any CPU.Build.0 = Release|Any CPU
		{2282A6F8-CFDA-413C-AF6F-94476E247038}.Debug|Any CPU.ActiveCfg = Debug|Any CPU
		{2282A6F8-CFDA-413C-AF6F-94476E247038}.Debug|Any CPU.Build.0 = Debug|Any CPU
		{2282A6F8-CFDA-413C-AF6F-94476E247038}.Release|Any CPU.ActiveCfg = Release|Any CPU
		{2282A6F8-CFDA-413C-AF6F-94476E247038}.Release|Any CPU.Build.0 = Release|Any CPU
		{0DE5A91F-D219-4AAC-8C86-4C7F8E802326}.Debug|Any CPU.ActiveCfg = Debug|Any CPU
		{0DE5A91F-D219-4AAC-8C86-4C7F8E802326}.Debug|Any CPU.Build.0 = Debug|Any CPU
		{0DE5A91F-D219-4AAC-8C86-4C7F8E802326}.Release|Any CPU.ActiveCfg = Release|Any CPU
		{0DE5A91F-D219-4AAC-8C86-4C7F8E802326}.Release|Any CPU.Build.0 = Release|Any CPU
		{8C3E5056-4CBF-4740-A613-9DDD814184F3}.Debug|Any CPU.ActiveCfg = Debug|Any CPU
		{8C3E5056-4CBF-4740-A613-9DDD814184F3}.Debug|Any CPU.Build.0 = Debug|Any CPU
		{8C3E5056-4CBF-4740-A613-9DDD814184F3}.Release|Any CPU.ActiveCfg = Release|Any CPU
		{8C3E5056-4CBF-4740-A613-9DDD814184F3}.Release|Any CPU.Build.0 = Release|Any CPU
		{64CBF377-D9AB-460C-9EAE-89136E2D18B5}.Debug|Any CPU.ActiveCfg = Debug|Any CPU
		{64CBF377-D9AB-460C-9EAE-89136E2D18B5}.Debug|Any CPU.Build.0 = Debug|Any CPU
		{64CBF377-D9AB-460C-9EAE-89136E2D18B5}.Release|Any CPU.ActiveCfg = Release|Any CPU
		{64CBF377-D9AB-460C-9EAE-89136E2D18B5}.Release|Any CPU.Build.0 = Release|Any CPU
		{1F7F6C44-C328-4B56-8737-46056807DFE8}.Debug|Any CPU.ActiveCfg = Debug|Any CPU
		{1F7F6C44-C328-4B56-8737-46056807DFE8}.Debug|Any CPU.Build.0 = Debug|Any CPU
		{1F7F6C44-C328-4B56-8737-46056807DFE8}.Release|Any CPU.ActiveCfg = Release|Any CPU
		{1F7F6C44-C328-4B56-8737-46056807DFE8}.Release|Any CPU.Build.0 = Release|Any CPU
		{E19AD452-4A97-4AC1-881E-3A22429C779B}.Debug|Any CPU.ActiveCfg = Debug|Any CPU
		{E19AD452-4A97-4AC1-881E-3A22429C779B}.Debug|Any CPU.Build.0 = Debug|Any CPU
		{E19AD452-4A97-4AC1-881E-3A22429C779B}.Release|Any CPU.ActiveCfg = Release|Any CPU
		{E19AD452-4A97-4AC1-881E-3A22429C779B}.Release|Any CPU.Build.0 = Release|Any CPU
		{D4BF97B6-39DB-4CAC-8BAA-E06A58B9234D}.Debug|Any CPU.ActiveCfg = Debug|Any CPU
		{D4BF97B6-39DB-4CAC-8BAA-E06A58B9234D}.Debug|Any CPU.Build.0 = Debug|Any CPU
		{D4BF97B6-39DB-4CAC-8BAA-E06A58B9234D}.Release|Any CPU.ActiveCfg = Release|Any CPU
		{D4BF97B6-39DB-4CAC-8BAA-E06A58B9234D}.Release|Any CPU.Build.0 = Release|Any CPU
		{CD89ED88-CBFE-464D-9CEB-5CE79E5A7E90}.Debug|Any CPU.ActiveCfg = Debug|Any CPU
		{CD89ED88-CBFE-464D-9CEB-5CE79E5A7E90}.Debug|Any CPU.Build.0 = Debug|Any CPU
		{CD89ED88-CBFE-464D-9CEB-5CE79E5A7E90}.Release|Any CPU.ActiveCfg = Release|Any CPU
		{CD89ED88-CBFE-464D-9CEB-5CE79E5A7E90}.Release|Any CPU.Build.0 = Release|Any CPU
		{31FD127C-D1BA-4AF5-A561-FDF059271B2E}.Debug|Any CPU.ActiveCfg = Debug|Any CPU
		{31FD127C-D1BA-4AF5-A561-FDF059271B2E}.Debug|Any CPU.Build.0 = Debug|Any CPU
		{31FD127C-D1BA-4AF5-A561-FDF059271B2E}.Release|Any CPU.ActiveCfg = Release|Any CPU
		{31FD127C-D1BA-4AF5-A561-FDF059271B2E}.Release|Any CPU.Build.0 = Release|Any CPU
	EndGlobalSection
	GlobalSection(SolutionProperties) = preSolution
		HideSolutionNode = FALSE
	EndGlobalSection
	GlobalSection(NestedProjects) = preSolution
		{9F390C39-6449-4E0E-9C6D-FAF77E191977} = {33BEF735-B388-4610-9FC1-03BBBEE721CE}
		{F23BE1D8-6969-4ADA-98AA-2AE0A8C4DCCF} = {33BEF735-B388-4610-9FC1-03BBBEE721CE}
		{75BB813C-8BF3-4931-9EF7-D2E3929F1098} = {810DC9B5-9484-43BF-8435-D8582E79CA71}
		{B42D2FCB-6D57-4A6C-88B5-F0199B51384B} = {4918CB2F-41B1-4092-B242-55EB1D782122}
		{2282A6F8-CFDA-413C-AF6F-94476E247038} = {1215227E-283F-4E48-B8E7-D438C3E4256D}
		{0DE5A91F-D219-4AAC-8C86-4C7F8E802326} = {33BEF735-B388-4610-9FC1-03BBBEE721CE}
		{8C3E5056-4CBF-4740-A613-9DDD814184F3} = {4918CB2F-41B1-4092-B242-55EB1D782122}
		{64CBF377-D9AB-460C-9EAE-89136E2D18B5} = {810DC9B5-9484-43BF-8435-D8582E79CA71}
		{1F7F6C44-C328-4B56-8737-46056807DFE8} = {1215227E-283F-4E48-B8E7-D438C3E4256D}
		{A5F4BBD5-9C3B-45AB-B27B-457188B6A094} = {AF51866A-069C-4B25-91A1-C59AEF65AB93}
		{E19AD452-4A97-4AC1-881E-3A22429C779B} = {A5F4BBD5-9C3B-45AB-B27B-457188B6A094}
		{D4BF97B6-39DB-4CAC-8BAA-E06A58B9234D} = {A5F4BBD5-9C3B-45AB-B27B-457188B6A094}
		{CD89ED88-CBFE-464D-9CEB-5CE79E5A7E90} = {A5F4BBD5-9C3B-45AB-B27B-457188B6A094}
	EndGlobalSection
	GlobalSection(ExtensibilityGlobals) = postSolution
		SolutionGuid = {11D708DB-E8FB-4A22-A3F3-2EBB50FC3CAE}
	EndGlobalSection
EndGlobal
